// !$*UTF8*$!
{
	archiveVersion = 1;
	classes = {
	};
	objectVersion = 77;
	objects = {

/* Begin PBXBuildFile section */
		D32978A72FAA339A0092C3A4 /* Collector in Frameworks */ = {isa = PBXBuildFile; productRef = D32978A62FAA339A0092C3A4 /* Collector */; };
		D32978A92FAA33D00092C3A4 /* ModularSDK in Frameworks */ = {isa = PBXBuildFile; productRef = D32978A82FAA33D00092C3A4 /* ModularSDK */; };
		D32978AA2FAA33D00092C3A4 /* ModularSDK in Embed Frameworks */ = {isa = PBXBuildFile; productRef = D32978A82FAA33D00092C3A4 /* ModularSDK */; settings = {ATTRIBUTES = (CodeSignOnCopy, ); }; };
/* End PBXBuildFile section */

/* Begin PBXContainerItemProxy section */
		E670CB0B2F33B0CF00CF7907 /* PBXContainerItemProxy */ = {
			isa = PBXContainerItemProxy;
			containerPortal = D3C8A6AC2F15A71100DE5254 /* Project object */;
			proxyType = 1;
			remoteGlobalIDString = D3C8A6B32F15A71100DE5254;
			remoteInfo = "sc-ref-impl-swift";
		};
/* End PBXContainerItemProxy section */

/* Begin PBXCopyFilesBuildPhase section */
		D30107132F36C5CC00EFCD28 /* Embed Frameworks */ = {
			isa = PBXCopyFilesBuildPhase;
			buildActionMask = 2147483647;
			dstPath = "";
			dstSubfolderSpec = 10;
			files = (
				D32978AA2FAA33D00092C3A4 /* ModularSDK in Embed Frameworks */,
			);
			name = "Embed Frameworks";
			runOnlyForDeploymentPostprocessing = 0;
		};
/* End PBXCopyFilesBuildPhase section */

/* Begin PBXFileReference section */
		D3C8A6B42F15A71100DE5254 /* sc-ref-impl-swift.app */ = {isa = PBXFileReference; explicitFileType = wrapper.application; includeInIndex = 0; path = "sc-ref-impl-swift.app"; sourceTree = BUILT_PRODUCTS_DIR; };
		E670CB072F33B0CF00CF7907 /* sc-ref-impl-swiftTests.xctest */ = {isa = PBXFileReference; explicitFileType = wrapper.cfbundle; includeInIndex = 0; path = "sc-ref-impl-swiftTests.xctest"; sourceTree = BUILT_PRODUCTS_DIR; };
/* End PBXFileReference section */

/* Begin PBXFileSystemSynchronizedRootGroup section */
		D3C8A6B62F15A71100DE5254 /* sc-ref-impl-swift */ = {
			isa = PBXFileSystemSynchronizedRootGroup;
			path = "sc-ref-impl-swift";
			sourceTree = "<group>";
		};
		E670CB082F33B0CF00CF7907 /* sc-ref-impl-swiftTests */ = {
			isa = PBXFileSystemSynchronizedRootGroup;
			path = "sc-ref-impl-swiftTests";
			sourceTree = "<group>";
		};
/* End PBXFileSystemSynchronizedRootGroup section */

/* Begin PBXFrameworksBuildPhase section */
		D3C8A6B12F15A71100DE5254 /* Frameworks */ = {
			isa = PBXFrameworksBuildPhase;
			buildActionMask = 2147483647;
			files = (
				D32978A92FAA33D00092C3A4 /* ModularSDK in Frameworks */,
				D32978A72FAA339A0092C3A4 /* Collector in Frameworks */,
			);
			runOnlyForDeploymentPostprocessing = 0;
		};
		E670CB042F33B0CF00CF7907 /* Frameworks */ = {
			isa = PBXFrameworksBuildPhase;
			buildActionMask = 2147483647;
			files = (
			);
			runOnlyForDeploymentPostprocessing = 0;
		};
/* End PBXFrameworksBuildPhase section */

/* Begin PBXGroup section */
		D3BDFBE52F31120C0043CDE5 /* Frameworks */ = {
			isa = PBXGroup;
			children = (
			);
			name = Frameworks;
			sourceTree = "<group>";
		};
		D3C8A6AB2F15A71100DE5254 = {
			isa = PBXGroup;
			children = (
				D3C8A6B62F15A71100DE5254 /* sc-ref-impl-swift */,
				E670CB082F33B0CF00CF7907 /* sc-ref-impl-swiftTests */,
				D3BDFBE52F31120C0043CDE5 /* Frameworks */,
				D3C8A6B52F15A71100DE5254 /* Products */,
			);
			sourceTree = "<group>";
		};
		D3C8A6B52F15A71100DE5254 /* Products */ = {
			isa = PBXGroup;
			children = (
				D3C8A6B42F15A71100DE5254 /* sc-ref-impl-swift.app */,
				E670CB072F33B0CF00CF7907 /* sc-ref-impl-swiftTests.xctest */,
			);
			name = Products;
			sourceTree = "<group>";
		};
/* End PBXGroup section */

/* Begin PBXNativeTarget section */
		D3C8A6B32F15A71100DE5254 /* sc-ref-impl-swift */ = {
			isa = PBXNativeTarget;
			buildConfigurationList = D3C8A6C22F15A71300DE5254 /* Build configuration list for PBXNativeTarget "sc-ref-impl-swift" */;
			buildPhases = (
				D3C8A6B02F15A71100DE5254 /* Sources */,
				D3C8A6B12F15A71100DE5254 /* Frameworks */,
				D3C8A6B22F15A71100DE5254 /* Resources */,
				D30107132F36C5CC00EFCD28 /* Embed Frameworks */,
			);
			buildRules = (
			);
			dependencies = (
			);
			fileSystemSynchronizedGroups = (
				D3C8A6B62F15A71100DE5254 /* sc-ref-impl-swift */,
			);
			name = "sc-ref-impl-swift";
			packageProductDependencies = (
				D32978A62FAA339A0092C3A4 /* Collector */,
				D32978A82FAA33D00092C3A4 /* ModularSDK */,
			);
			productName = "sc-ref-impl-swift";
			productReference = D3C8A6B42F15A71100DE5254 /* sc-ref-impl-swift.app */;
			productType = "com.apple.product-type.application";
		};
		E670CB062F33B0CF00CF7907 /* sc-ref-impl-swiftTests */ = {
			isa = PBXNativeTarget;
			buildConfigurationList = E670CB0F2F33B0CF00CF7907 /* Build configuration list for PBXNativeTarget "sc-ref-impl-swiftTests" */;
			buildPhases = (
				E670CB032F33B0CF00CF7907 /* Sources */,
				E670CB042F33B0CF00CF7907 /* Frameworks */,
				E670CB052F33B0CF00CF7907 /* Resources */,
			);
			buildRules = (
			);
			dependencies = (
				E670CB0C2F33B0CF00CF7907 /* PBXTargetDependency */,
			);
			fileSystemSynchronizedGroups = (
				E670CB082F33B0CF00CF7907 /* sc-ref-impl-swiftTests */,
			);
			name = "sc-ref-impl-swiftTests";
			packageProductDependencies = (
			);
			productName = "sc-ref-impl-swiftTests";
			productReference = E670CB072F33B0CF00CF7907 /* sc-ref-impl-swiftTests.xctest */;
			productType = "com.apple.product-type.bundle.unit-test";
		};
/* End PBXNativeTarget section */

/* Begin PBXProject section */
		D3C8A6AC2F15A71100DE5254 /* Project object */ = {
			isa = PBXProject;
			attributes = {
				BuildIndependentTargetsInParallel = 1;
				LastSwiftUpdateCheck = 1640;
				LastUpgradeCheck = 1620;
				TargetAttributes = {
					D3C8A6B32F15A71100DE5254 = {
						CreatedOnToolsVersion = 16.2;
					};
					E670CB062F33B0CF00CF7907 = {
						CreatedOnToolsVersion = 16.4;
						TestTargetID = D3C8A6B32F15A71100DE5254;
					};
				};
			};
			buildConfigurationList = D3C8A6AF2F15A71100DE5254 /* Build configuration list for PBXProject "sc-ref-impl-swift" */;
			developmentRegion = en;
			hasScannedForEncodings = 0;
			knownRegions = (
				en,
				Base,
			);
			mainGroup = D3C8A6AB2F15A71100DE5254;
			minimizedProjectReferenceProxies = 1;
			packageReferences = (
				D32978A52FAA339A0092C3A4 /* XCLocalSwiftPackageReference "../sc-modular-sdk" */,
			);
			preferredProjectObjectVersion = 77;
			productRefGroup = D3C8A6B52F15A71100DE5254 /* Products */;
			projectDirPath = "";
			projectRoot = "";
			targets = (
				D3C8A6B32F15A71100DE5254 /* sc-ref-impl-swift */,
				E670CB062F33B0CF00CF7907 /* sc-ref-impl-swiftTests */,
			);
		};
/* End PBXProject section */

/* Begin PBXResourcesBuildPhase section */
		D3C8A6B22F15A71100DE5254 /* Resources */ = {
			isa = PBXResourcesBuildPhase;
			buildActionMask = 2147483647;
			files = (
			);
			runOnlyForDeploymentPostprocessing = 0;
		};
		E670CB052F33B0CF00CF7907 /* Resources */ = {
			isa = PBXResourcesBuildPhase;
			buildActionMask = 2147483647;
			files = (
			);
			runOnlyForDeploymentPostprocessing = 0;
		};
/* End PBXResourcesBuildPhase section */

/* Begin PBXSourcesBuildPhase section */
		D3C8A6B02F15A71100DE5254 /* Sources */ = {
			isa = PBXSourcesBuildPhase;
			buildActionMask = 2147483647;
			files = (
			);
			runOnlyForDeploymentPostprocessing = 0;
		};
		E670CB032F33B0CF00CF7907 /* Sources */ = {
			isa = PBXSourcesBuildPhase;
			buildActionMask = 2147483647;
			files = (
			);
			runOnlyForDeploymentPostprocessing = 0;
		};
/* End PBXSourcesBuildPhase section */

/* Begin PBXTargetDependency section */
		E670CB0C2F33B0CF00CF7907 /* PBXTargetDependency */ = {
			isa = PBXTargetDependency;
			target = D3C8A6B32F15A71100DE5254 /* sc-ref-impl-swift */;
			targetProxy = E670CB0B2F33B0CF00CF7907 /* PBXContainerItemProxy */;
		};
/* End PBXTargetDependency section */

/* Begin XCBuildConfiguration section */
		D3C8A6C02F15A71300DE5254 /* Debug */ = {
			isa = XCBuildConfiguration;
			buildSettings = {
				ALWAYS_SEARCH_USER_PATHS = NO;
				ASSETCATALOG_COMPILER_GENERATE_SWIFT_ASSET_SYMBOL_EXTENSIONS = YES;
				CLANG_ANALYZER_NONNULL = YES;
				CLANG_ANALYZER_NUMBER_OBJECT_CONVERSION = YES_AGGRESSIVE;
				CLANG_CXX_LANGUAGE_STANDARD = "gnu++20";
				CLANG_ENABLE_MODULES = YES;
				CLANG_ENABLE_OBJC_ARC = YES;
				CLANG_ENABLE_OBJC_WEAK = YES;
				CLANG_WARN_BLOCK_CAPTURE_AUTORELEASING = YES;
				CLANG_WARN_BOOL_CONVERSION = YES;
				CLANG_WARN_COMMA = YES;
				CLANG_WARN_CONSTANT_CONVERSION = YES;
				CLANG_WARN_DEPRECATED_OBJC_IMPLEMENTATIONS = YES;
				CLANG_WARN_DIRECT_OBJC_ISA_USAGE = YES_ERROR;
				CLANG_WARN_DOCUMENTATION_COMMENTS = YES;
				CLANG_WARN_EMPTY_BODY = YES;
				CLANG_WARN_ENUM_CONVERSION = YES;
				CLANG_WARN_INFINITE_RECURSION = YES;
				CLANG_WARN_INT_CONVERSION = YES;
				CLANG_WARN_NON_LITERAL_NULL_CONVERSION = YES;
				CLANG_WARN_OBJC_IMPLICIT_RETAIN_SELF = YES;
				CLANG_WARN_OBJC_LITERAL_CONVERSION = YES;
				CLANG_WARN_OBJC_ROOT_CLASS = YES_ERROR;
				CLANG_WARN_QUOTED_INCLUDE_IN_FRAMEWORK_HEADER = YES;
				CLANG_WARN_RANGE_LOOP_ANALYSIS = YES;
				CLANG_WARN_STRICT_PROTOTYPES = YES;
				CLANG_WARN_SUSPICIOUS_MOVE = YES;
				CLANG_WARN_UNGUARDED_AVAILABILITY = YES_AGGRESSIVE;
				CLANG_WARN_UNREACHABLE_CODE = YES;
				CLANG_WARN__DUPLICATE_METHOD_MATCH = YES;
				COPY_PHASE_STRIP = NO;
				DEBUG_INFORMATION_FORMAT = dwarf;
				ENABLE_STRICT_OBJC_MSGSEND = YES;
				ENABLE_TESTABILITY = YES;
				ENABLE_USER_SCRIPT_SANDBOXING = YES;
				GCC_C_LANGUAGE_STANDARD = gnu17;
				GCC_DYNAMIC_NO_PIC = NO;
				GCC_NO_COMMON_BLOCKS = YES;
				GCC_OPTIMIZATION_LEVEL = 0;
				GCC_PREPROCESSOR_DEFINITIONS = (
					"DEBUG=1",
					"$(inherited)",
				);
				GCC_WARN_64_TO_32_BIT_CONVERSION = YES;
				GCC_WARN_ABOUT_RETURN_TYPE = YES_ERROR;
				GCC_WARN_UNDECLARED_SELECTOR = YES;
				GCC_WARN_UNINITIALIZED_AUTOS = YES_AGGRESSIVE;
				GCC_WARN_UNUSED_FUNCTION = YES;
				GCC_WARN_UNUSED_VARIABLE = YES;
				IPHONEOS_DEPLOYMENT_TARGET = 18.2;
				LOCALIZATION_PREFERS_STRING_CATALOGS = YES;
				MTL_ENABLE_DEBUG_INFO = INCLUDE_SOURCE;
				MTL_FAST_MATH = YES;
				ONLY_ACTIVE_ARCH = YES;
				SDKROOT = iphoneos;
				SWIFT_ACTIVE_COMPILATION_CONDITIONS = "DEBUG $(inherited)";
				SWIFT_OPTIMIZATION_LEVEL = "-Onone";
			};
			name = Debug;
		};
		D3C8A6C12F15A71300DE5254 /* Release */ = {
			isa = XCBuildConfiguration;
			buildSettings = {
				ALWAYS_SEARCH_USER_PATHS = NO;
				ASSETCATALOG_COMPILER_GENERATE_SWIFT_ASSET_SYMBOL_EXTENSIONS = YES;
				CLANG_ANALYZER_NONNULL = YES;
				CLANG_ANALYZER_NUMBER_OBJECT_CONVERSION = YES_AGGRESSIVE;
				CLANG_CXX_LANGUAGE_STANDARD = "gnu++20";
				CLANG_ENABLE_MODULES = YES;
				CLANG_ENABLE_OBJC_ARC = YES;
				CLANG_ENABLE_OBJC_WEAK = YES;
				CLANG_WARN_BLOCK_CAPTURE_AUTORELEASING = YES;
				CLANG_WARN_BOOL_CONVERSION = YES;
				CLANG_WARN_COMMA = YES;
				CLANG_WARN_CONSTANT_CONVERSION = YES;
				CLANG_WARN_DEPRECATED_OBJC_IMPLEMENTATIONS = YES;
				CLANG_WARN_DIRECT_OBJC_ISA_USAGE = YES_ERROR;
				CLANG_WARN_DOCUMENTATION_COMMENTS = YES;
				CLANG_WARN_EMPTY_BODY = YES;
				CLANG_WARN_ENUM_CONVERSION = YES;
				CLANG_WARN_INFINITE_RECURSION = YES;
				CLANG_WARN_INT_CONVERSION = YES;
				CLANG_WARN_NON_LITERAL_NULL_CONVERSION = YES;
				CLANG_WARN_OBJC_IMPLICIT_RETAIN_SELF = YES;
				CLANG_WARN_OBJC_LITERAL_CONVERSION = YES;
				CLANG_WARN_OBJC_ROOT_CLASS = YES_ERROR;
				CLANG_WARN_QUOTED_INCLUDE_IN_FRAMEWORK_HEADER = YES;
				CLANG_WARN_RANGE_LOOP_ANALYSIS = YES;
				CLANG_WARN_STRICT_PROTOTYPES = YES;
				CLANG_WARN_SUSPICIOUS_MOVE = YES;
				CLANG_WARN_UNGUARDED_AVAILABILITY = YES_AGGRESSIVE;
				CLANG_WARN_UNREACHABLE_CODE = YES;
				CLANG_WARN__DUPLICATE_METHOD_MATCH = YES;
				COPY_PHASE_STRIP = NO;
				DEBUG_INFORMATION_FORMAT = "dwarf-with-dsym";
				ENABLE_NS_ASSERTIONS = NO;
				ENABLE_STRICT_OBJC_MSGSEND = YES;
				ENABLE_USER_SCRIPT_SANDBOXING = YES;
				GCC_C_LANGUAGE_STANDARD = gnu17;
				GCC_NO_COMMON_BLOCKS = YES;
				GCC_WARN_64_TO_32_BIT_CONVERSION = YES;
				GCC_WARN_ABOUT_RETURN_TYPE = YES_ERROR;
				GCC_WARN_UNDECLARED_SELECTOR = YES;
				GCC_WARN_UNINITIALIZED_AUTOS = YES_AGGRESSIVE;
				GCC_WARN_UNUSED_FUNCTION = YES;
				GCC_WARN_UNUSED_VARIABLE = YES;
				IPHONEOS_DEPLOYMENT_TARGET = 18.2;
				LOCALIZATION_PREFERS_STRING_CATALOGS = YES;
				MTL_ENABLE_DEBUG_INFO = NO;
				MTL_FAST_MATH = YES;
				SDKROOT = iphoneos;
				SWIFT_COMPILATION_MODE = wholemodule;
				VALIDATE_PRODUCT = YES;
			};
			name = Release;
		};
		D3C8A6C32F15A71300DE5254 /* Debug */ = {
			isa = XCBuildConfiguration;
			buildSettings = {
				ASSETCATALOG_COMPILER_APPICON_NAME = AppIcon;
				ASSETCATALOG_COMPILER_GLOBAL_ACCENT_COLOR_NAME = AccentColor;
				ASSETCATALOG_COMPILER_INCLUDE_ALL_APPICON_ASSETS = NO;
				CODE_SIGN_STYLE = Automatic;
				CURRENT_PROJECT_VERSION = 1;
				DEVELOPMENT_ASSET_PATHS = "\"sc-ref-impl-swift/Preview Content\"";
				DEVELOPMENT_TEAM = J27XV7VKV4;
				ENABLE_PREVIEWS = YES;
				GENERATE_INFOPLIST_FILE = YES;
				INFOPLIST_KEY_NSLocationAlwaysAndWhenInUseUsageDescription = "This app needs Location access to determine fraud.";
				INFOPLIST_KEY_NSLocationWhenInUseUsageDescription = "This app needs location permission for fraud detection.";
				INFOPLIST_KEY_UIApplicationSceneManifest_Generation = YES;
				INFOPLIST_KEY_UIApplicationSupportsIndirectInputEvents = YES;
				INFOPLIST_KEY_UILaunchScreen_Generation = YES;
				INFOPLIST_KEY_UISupportedInterfaceOrientations_iPad = "UIInterfaceOrientationPortrait UIInterfaceOrientationPortraitUpsideDown UIInterfaceOrientationLandscapeLeft UIInterfaceOrientationLandscapeRight";
				INFOPLIST_KEY_UISupportedInterfaceOrientations_iPhone = "UIInterfaceOrientationPortrait UIInterfaceOrientationLandscapeLeft UIInterfaceOrientationLandscapeRight";
				LD_RUNPATH_SEARCH_PATHS = (
					"$(inherited)",
					"@executable_path/Frameworks",
				);
				MARKETING_VERSION = 1.0;
				PRODUCT_BUNDLE_IDENTIFIER = "com.experian.sc-ref-impl-swift";
				PRODUCT_NAME = "$(TARGET_NAME)";
				SUPPORTED_PLATFORMS = "iphoneos iphonesimulator";
				SUPPORTS_MACCATALYST = NO;
				SUPPORTS_MAC_DESIGNED_FOR_IPHONE_IPAD = NO;
				SUPPORTS_XR_DESIGNED_FOR_IPHONE_IPAD = NO;
				SWIFT_EMIT_LOC_STRINGS = YES;
				SWIFT_VERSION = 5.0;
				TARGETED_DEVICE_FAMILY = "1,2";
			};
			name = Debug;
		};
		D3C8A6C42F15A71300DE5254 /* Release */ = {
			isa = XCBuildConfiguration;
			buildSettings = {
				ASSETCATALOG_COMPILER_APPICON_NAME = AppIcon;
				ASSETCATALOG_COMPILER_GLOBAL_ACCENT_COLOR_NAME = AccentColor;
				ASSETCATALOG_COMPILER_INCLUDE_ALL_APPICON_ASSETS = NO;
				CODE_SIGN_STYLE = Automatic;
				CURRENT_PROJECT_VERSION = 1;
				DEVELOPMENT_ASSET_PATHS = "\"sc-ref-impl-swift/Preview Content\"";
				DEVELOPMENT_TEAM = J27XV7VKV4;
				ENABLE_PREVIEWS = YES;
				GENERATE_INFOPLIST_FILE = YES;
				INFOPLIST_KEY_NSLocationAlwaysAndWhenInUseUsageDescription = "This app needs Location access to determine fraud.";
				INFOPLIST_KEY_NSLocationWhenInUseUsageDescription = "This app needs location permission for fraud detection.";
				INFOPLIST_KEY_UIApplicationSceneManifest_Generation = YES;
				INFOPLIST_KEY_UIApplicationSupportsIndirectInputEvents = YES;
				INFOPLIST_KEY_UILaunchScreen_Generation = YES;
				INFOPLIST_KEY_UISupportedInterfaceOrientations_iPad = "UIInterfaceOrientationPortrait UIInterfaceOrientationPortraitUpsideDown UIInterfaceOrientationLandscapeLeft UIInterfaceOrientationLandscapeRight";
				INFOPLIST_KEY_UISupportedInterfaceOrientations_iPhone = "UIInterfaceOrientationPortrait UIInterfaceOrientationLandscapeLeft UIInterfaceOrientationLandscapeRight";
				LD_RUNPATH_SEARCH_PATHS = (
					"$(inherited)",
					"@executable_path/Frameworks",
				);
				MARKETING_VERSION = 1.0;
				PRODUCT_BUNDLE_IDENTIFIER = "com.experian.sc-ref-impl-swift";
				PRODUCT_NAME = "$(TARGET_NAME)";
				SUPPORTED_PLATFORMS = "iphoneos iphonesimulator";
				SUPPORTS_MACCATALYST = NO;
				SUPPORTS_MAC_DESIGNED_FOR_IPHONE_IPAD = NO;
				SUPPORTS_XR_DESIGNED_FOR_IPHONE_IPAD = NO;
				SWIFT_EMIT_LOC_STRINGS = YES;
				SWIFT_VERSION = 5.0;
				TARGETED_DEVICE_FAMILY = "1,2";
			};
			name = Release;
		};
		E670CB0D2F33B0CF00CF7907 /* Debug */ = {
			isa = XCBuildConfiguration;
			buildSettings = {
				BUNDLE_LOADER = "$(TEST_HOST)";
				CODE_SIGN_STYLE = Automatic;
				CURRENT_PROJECT_VERSION = 1;
				GENERATE_INFOPLIST_FILE = YES;
				IPHONEOS_DEPLOYMENT_TARGET = 18.5;
				MARKETING_VERSION = 1.0;
				PRODUCT_BUNDLE_IDENTIFIER = "com.experian.sc-ref-impl-swiftTests";
				PRODUCT_NAME = "$(TARGET_NAME)";
				SWIFT_EMIT_LOC_STRINGS = NO;
				SWIFT_VERSION = 5.0;
				TARGETED_DEVICE_FAMILY = "1,2";
				TEST_HOST = "$(BUILT_PRODUCTS_DIR)/sc-ref-impl-swift.app/$(BUNDLE_EXECUTABLE_FOLDER_PATH)/sc-ref-impl-swift";
			};
			name = Debug;
		};
		E670CB0E2F33B0CF00CF7907 /* Release */ = {
			isa = XCBuildConfiguration;
			buildSettings = {
				BUNDLE_LOADER = "$(TEST_HOST)";
				CODE_SIGN_STYLE = Automatic;
				CURRENT_PROJECT_VERSION = 1;
				GENERATE_INFOPLIST_FILE = YES;
				IPHONEOS_DEPLOYMENT_TARGET = 18.5;
				MARKETING_VERSION = 1.0;
				PRODUCT_BUNDLE_IDENTIFIER = "com.experian.sc-ref-impl-swiftTests";
				PRODUCT_NAME = "$(TARGET_NAME)";
				SWIFT_EMIT_LOC_STRINGS = NO;
				SWIFT_VERSION = 5.0;
				TARGETED_DEVICE_FAMILY = "1,2";
				TEST_HOST = "$(BUILT_PRODUCTS_DIR)/sc-ref-impl-swift.app/$(BUNDLE_EXECUTABLE_FOLDER_PATH)/sc-ref-impl-swift";
			};
			name = Release;
		};
/* End XCBuildConfiguration section */

/* Begin XCConfigurationList section */
		D3C8A6AF2F15A71100DE5254 /* Build configuration list for PBXProject "sc-ref-impl-swift" */ = {
			isa = XCConfigurationList;
			buildConfigurations = (
				D3C8A6C02F15A71300DE5254 /* Debug */,
				D3C8A6C12F15A71300DE5254 /* Release */,
			);
			defaultConfigurationIsVisible = 0;
			defaultConfigurationName = Release;
		};
		D3C8A6C22F15A71300DE5254 /* Build configuration list for PBXNativeTarget "sc-ref-impl-swift" */ = {
			isa = XCConfigurationList;
			buildConfigurations = (
				D3C8A6C32F15A71300DE5254 /* Debug */,
				D3C8A6C42F15A71300DE5254 /* Release */,
			);
			defaultConfigurationIsVisible = 0;
			defaultConfigurationName = Release;
		};
		E670CB0F2F33B0CF00CF7907 /* Build configuration list for PBXNativeTarget "sc-ref-impl-swiftTests" */ = {
			isa = XCConfigurationList;
			buildConfigurations = (
				E670CB0D2F33B0CF00CF7907 /* Debug */,
				E670CB0E2F33B0CF00CF7907 /* Release */,
			);
			defaultConfigurationIsVisible = 0;
			defaultConfigurationName = Release;
		};
/* End XCConfigurationList section */

/* Begin XCLocalSwiftPackageReference section */
		D32978A52FAA339A0092C3A4 /* XCLocalSwiftPackageReference "../sc-modular-sdk" */ = {
			isa = XCLocalSwiftPackageReference;
			relativePath = "../sc-modular-sdk";
		};
/* End XCLocalSwiftPackageReference section */

/* Begin XCSwiftPackageProductDependency section */
		D32978A62FAA339A0092C3A4 /* Collector */ = {
			isa = XCSwiftPackageProductDependency;
			productName = Collector;
		};
		D32978A82FAA33D00092C3A4 /* ModularSDK */ = {
			isa = XCSwiftPackageProductDependency;
			package = D32978A52FAA339A0092C3A4 /* XCLocalSwiftPackageReference "../sc-modular-sdk" */;
			productName = ModularSDK;
		};
/* End XCSwiftPackageProductDependency section */
	};
	rootObject = D3C8A6AC2F15A71100DE5254 /* Project object */;
}
